
Microsoft Visual Studio Solution File, Format Version 12.00
# Visual Studio Version 16
VisualStudioVersion = 16.0.31019.35
MinimumVisualStudioVersion = 10.0.40219.1
Project("{9A19103F-16F7-4668-BE54-9A1E7A4F7556}") = "OperatoerLibrary", "ProjectLibrary\OperatoerLibrary.csproj", "{1D7A1052-7BD2-4F85-948E-FE377A7AD00F}"
EndProject
Project("{9A19103F-16F7-4668-BE54-9A1E7A4F7556}") = "OperatoerProgramTestUnit", "OperatørProgramTestUnit\OperatoerProgramTestUnit.csproj", "{518EA759-2242-4340-92FA-5EFC0CD1FC7D}"
	ProjectSection(ProjectDependencies) = postProject
		{1D7A1052-7BD2-4F85-948E-FE377A7AD00F} = {1D7A1052-7BD2-4F85-948E-FE377A7AD00F}
		{687F39AC-221F-42D1-A1DA-508A0A75BC3C} = {687F39AC-221F-42D1-A1DA-508A0A75BC3C}
	EndProjectSection
EndProject
Project("{9A19103F-16F7-4668-BE54-9A1E7A4F7556}") = "OperatoerGUI", "OperatoerGUI\OperatoerGUI.csproj", "{687F39AC-221F-42D1-A1DA-508A0A75BC3C}"
EndProject
Global
	GlobalSection(SolutionConfigurationPlatforms) = preSolution
		Debug|Any CPU = Debug|Any CPU
		Release|Any CPU = Release|Any CPU
	EndGlobalSection
	GlobalSection(ProjectConfigurationPlatforms) = postSolution
		{1D7A1052-7BD2-4F85-948E-FE377A7AD00F}.Debug|Any CPU.ActiveCfg = Debug|Any CPU
		{1D7A1052-7BD2-4F85-948E-FE377A7AD00F}.Debug|Any CPU.Build.0 = Debug|Any CPU
		{1D7A1052-7BD2-4F85-948E-FE377A7AD00F}.Release|Any CPU.ActiveCfg = Release|Any CPU
		{1D7A1052-7BD2-4F85-948E-FE377A7AD00F}.Release|Any CPU.Build.0 = Release|Any CPU
		{518EA759-2242-4340-92FA-5EFC0CD1FC7D}.Debug|Any CPU.ActiveCfg = Debug|Any CPU
		{518EA759-2242-4340-92FA-5EFC0CD1FC7D}.Debug|Any CPU.Build.0 = Debug|Any CPU
		{518EA759-2242-4340-92FA-5EFC0CD1FC7D}.Release|Any CPU.ActiveCfg = Release|Any CPU
		{518EA759-2242-4340-92FA-5EFC0CD1FC7D}.Release|Any CPU.Build.0 = Release|Any CPU
		{687F39AC-221F-42D1-A1DA-508A0A75BC3C}.Debug|Any CPU.ActiveCfg = Debug|Any CPU
		{687F39AC-221F-42D1-A1DA-508A0A75BC3C}.Debug|Any CPU.Build.0 = Debug|Any CPU
		{687F39AC-221F-42D1-A1DA-508A0A75BC3C}.Release|Any CPU.ActiveCfg = Release|Any CPU
		{687F39AC-221F-42D1-A1DA-508A0A75BC3C}.Release|Any CPU.Build.0 = Release|Any CPU
	EndGlobalSection
	GlobalSection(SolutionProperties) = preSolution
		HideSolutionNode = FALSE
	EndGlobalSection
	GlobalSection(ExtensibilityGlobals) = postSolution
		SolutionGuid = {9A4BA461-0FFC-4365-8E28-384B62F96401}
	EndGlobalSection
EndGlobal
